
Microsoft Visual Studio Solution File, Format Version 12.00
# Visual Studio 2012
Project("{8BC9CEB8-8B4A-11D0-8D11-00A0C91BC942}") = "Add and Multi in finite field", "Add and Multi in finite field\Add and Multi in finite field.vcxproj", "{4BC54F65-D7AD-499A-9FD2-9170F5E35661}"
EndProject
Global
	GlobalSection(SolutionConfigurationPlatforms) = preSolution
		Debug|Win32 = Debug|Win32
		Release|Win32 = Release|Win32
	EndGlobalSection
	GlobalSection(ProjectConfigurationPlatforms) = postSolution
		{4BC54F65-D7AD-499A-9FD2-9170F5E35661}.Debug|Win32.ActiveCfg = Debug|Win32
		{4BC54F65-D7AD-499A-9FD2-9170F5E35661}.Debug|Win32.Build.0 = Debug|Win32
		{4BC54F65-D7AD-499A-9FD2-9170F5E35661}.Release|Win32.ActiveCfg = Release|Win32
		{4BC54F65-D7AD-499A-9FD2-9170F5E35661}.Release|Win32.Build.0 = Release|Win32
	EndGlobalSection
	GlobalSection(SolutionProperties) = preSolution
		HideSolutionNode = FALSE
	EndGlobalSection
EndGlobal
