
Microsoft Visual Studio Solution File, Format Version 12.00
# Visual Studio 2012
Project("{8BC9CEB8-8B4A-11D0-8D11-00A0C91BC942}") = "DES Key Generation", "DES Key Generation\DES Key Generation.vcxproj", "{2E64A2B2-EC0B-46E5-BA64-11177E784F85}"
EndProject
Global
	GlobalSection(SolutionConfigurationPlatforms) = preSolution
		Debug|Win32 = Debug|Win32
		Release|Win32 = Release|Win32
	EndGlobalSection
	GlobalSection(ProjectConfigurationPlatforms) = postSolution
		{2E64A2B2-EC0B-46E5-BA64-11177E784F85}.Debug|Win32.ActiveCfg = Debug|Win32
		{2E64A2B2-EC0B-46E5-BA64-11177E784F85}.Debug|Win32.Build.0 = Debug|Win32
		{2E64A2B2-EC0B-46E5-BA64-11177E784F85}.Release|Win32.ActiveCfg = Release|Win32
		{2E64A2B2-EC0B-46E5-BA64-11177E784F85}.Release|Win32.Build.0 = Release|Win32
	EndGlobalSection
	GlobalSection(SolutionProperties) = preSolution
		HideSolutionNode = FALSE
	EndGlobalSection
EndGlobal
